
Microsoft Visual Studio Solution File, Format Version 12.00
# Visual Studio 2012
Project("{FAE04EC0-301F-11D3-BF4B-00C04F79EFBC}") = "DumbMq.Common", "DumbMq.Common\DumbMq.Common.csproj", "{99336FB1-19EB-411B-B2B4-5706ED484C59}"
EndProject
Global
	GlobalSection(SolutionConfigurationPlatforms) = preSolution
		Debug|Any CPU = Debug|Any CPU
		Release|Any CPU = Release|Any CPU
	EndGlobalSection
	GlobalSection(ProjectConfigurationPlatforms) = postSolution
		{99336FB1-19EB-411B-B2B4-5706ED484C59}.Debug|Any CPU.ActiveCfg = Debug|Any CPU
		{99336FB1-19EB-411B-B2B4-5706ED484C59}.Debug|Any CPU.Build.0 = Debug|Any CPU
		{99336FB1-19EB-411B-B2B4-5706ED484C59}.Release|Any CPU.ActiveCfg = Release|Any CPU
		{99336FB1-19EB-411B-B2B4-5706ED484C59}.Release|Any CPU.Build.0 = Release|Any CPU
	EndGlobalSection
	GlobalSection(SolutionProperties) = preSolution
		HideSolutionNode = FALSE
	EndGlobalSection
EndGlobal
